
Microsoft Visual Studio Solution File, Format Version 12.00
# Visual Studio Version 17
VisualStudioVersion = 17.0.31903.59
MinimumVisualStudioVersion = 10.0.40219.1
Project("{FAE04EC0-301F-11D3-BF4B-00C04F79EFBC}") = "WarOfGenesis.Assets", "WarOfGenesis.Assets\WarOfGenesis.Assets.csproj", "{219E7895-275C-42BF-91C3-221807496B7D}"
EndProject
Project("{FAE04EC0-301F-11D3-BF4B-00C04F79EFBC}") = "WarOfGenesis.Editor", "WarOfGenesis.Editor\WarOfGenesis.Editor.csproj", "{9A30497D-BD90-425F-A6B2-8954A0839019}"
EndProject
Project("{2150E333-8FDC-42A3-9474-1A3956D46DE8}") = "duel-dx", "duel-dx", "{BBE98B53-1E83-3422-817B-99A88A610CC8}"
EndProject
Project("{FAE04EC0-301F-11D3-BF4B-00C04F79EFBC}") = "DuelDx", "duel-dx\DuelDx.csproj", "{6076D895-2E7D-4FA9-8AB9-B5047CAFBBCE}"
EndProject
Global
	GlobalSection(SolutionConfigurationPlatforms) = preSolution
		Debug|Any CPU = Debug|Any CPU
		Debug|x64 = Debug|x64
		Debug|x86 = Debug|x86
		Release|Any CPU = Release|Any CPU
		Release|x64 = Release|x64
		Release|x86 = Release|x86
	EndGlobalSection
	GlobalSection(ProjectConfigurationPlatforms) = postSolution
		{219E7895-275C-42BF-91C3-221807496B7D}.Debug|Any CPU.ActiveCfg = Debug|Any CPU
		{219E7895-275C-42BF-91C3-221807496B7D}.Debug|Any CPU.Build.0 = Debug|Any CPU
		{219E7895-275C-42BF-91C3-221807496B7D}.Debug|x64.ActiveCfg = Debug|Any CPU
		{219E7895-275C-42BF-91C3-221807496B7D}.Debug|x64.Build.0 = Debug|Any CPU
		{219E7895-275C-42BF-91C3-221807496B7D}.Debug|x86.ActiveCfg = Debug|Any CPU
		{219E7895-275C-42BF-91C3-221807496B7D}.Debug|x86.Build.0 = Debug|Any CPU
		{219E7895-275C-42BF-91C3-221807496B7D}.Release|Any CPU.ActiveCfg = Release|Any CPU
		{219E7895-275C-42BF-91C3-221807496B7D}.Release|Any CPU.Build.0 = Release|Any CPU
		{219E7895-275C-42BF-91C3-221807496B7D}.Release|x64.ActiveCfg = Release|Any CPU
		{219E7895-275C-42BF-91C3-221807496B7D}.Release|x64.Build.0 = Release|Any CPU
		{219E7895-275C-42BF-91C3-221807496B7D}.Release|x86.ActiveCfg = Release|Any CPU
		{219E7895-275C-42BF-91C3-221807496B7D}.Release|x86.Build.0 = Release|Any CPU
		{9A30497D-BD90-425F-A6B2-8954A0839019}.Debug|Any CPU.ActiveCfg = Debug|Any CPU
		{9A30497D-BD90-425F-A6B2-8954A0839019}.Debug|Any CPU.Build.0 = Debug|Any CPU
		{9A30497D-BD90-425F-A6B2-8954A0839019}.Debug|x64.ActiveCfg = Debug|Any CPU
		{9A30497D-BD90-425F-A6B2-8954A0839019}.Debug|x64.Build.0 = Debug|Any CPU
		{9A30497D-BD90-425F-A6B2-8954A0839019}.Debug|x86.ActiveCfg = Debug|Any CPU
		{9A30497D-BD90-425F-A6B2-8954A0839019}.Debug|x86.Build.0 = Debug|Any CPU
		{9A30497D-BD90-425F-A6B2-8954A0839019}.Release|Any CPU.ActiveCfg = Release|Any CPU
		{9A30497D-BD90-425F-A6B2-8954A0839019}.Release|Any CPU.Build.0 = Release|Any CPU
		{9A30497D-BD90-425F-A6B2-8954A0839019}.Release|x64.ActiveCfg = Release|Any CPU
		{9A30497D-BD90-425F-A6B2-8954A0839019}.Release|x64.Build.0 = Release|Any CPU
		{9A30497D-BD90-425F-A6B2-8954A0839019}.Release|x86.ActiveCfg = Release|Any CPU
		{9A30497D-BD90-425F-A6B2-8954A0839019}.Release|x86.Build.0 = Release|Any CPU
		{6076D895-2E7D-4FA9-8AB9-B5047CAFBBCE}.Debug|Any CPU.ActiveCfg = Debug|Any CPU
		{6076D895-2E7D-4FA9-8AB9-B5047CAFBBCE}.Debug|Any CPU.Build.0 = Debug|Any CPU
		{6076D895-2E7D-4FA9-8AB9-B5047CAFBBCE}.Debug|x64.ActiveCfg = Debug|Any CPU
		{6076D895-2E7D-4FA9-8AB9-B5047CAFBBCE}.Debug|x64.Build.0 = Debug|Any CPU
		{6076D895-2E7D-4FA9-8AB9-B5047CAFBBCE}.Debug|x86.ActiveCfg = Debug|Any CPU
		{6076D895-2E7D-4FA9-8AB9-B5047CAFBBCE}.Debug|x86.Build.0 = Debug|Any CPU
		{6076D895-2E7D-4FA9-8AB9-B5047CAFBBCE}.Release|Any CPU.ActiveCfg = Release|Any CPU
		{6076D895-2E7D-4FA9-8AB9-B5047CAFBBCE}.Release|Any CPU.Build.0 = Release|Any CPU
		{6076D895-2E7D-4FA9-8AB9-B5047CAFBBCE}.Release|x64.ActiveCfg = Release|Any CPU
		{6076D895-2E7D-4FA9-8AB9-B5047CAFBBCE}.Release|x64.Build.0 = Release|Any CPU
		{6076D895-2E7D-4FA9-8AB9-B5047CAFBBCE}.Release|x86.ActiveCfg = Release|Any CPU
		{6076D895-2E7D-4FA9-8AB9-B5047CAFBBCE}.Release|x86.Build.0 = Release|Any CPU
	EndGlobalSection
	GlobalSection(SolutionProperties) = preSolution
		HideSolutionNode = FALSE
	EndGlobalSection
	GlobalSection(NestedProjects) = preSolution
		{6076D895-2E7D-4FA9-8AB9-B5047CAFBBCE} = {BBE98B53-1E83-3422-817B-99A88A610CC8}
	EndGlobalSection
EndGlobal
